// !$*UTF8*$!
{
	archiveVersion = 1;
	classes = {
	};
	objectVersion = 50;
	objects = {

/* Begin PBXBuildFile section */
		934E6F302695657B00ABBDDA /* RateItApp.swift in Sources */ = {isa = PBXBuildFile; fileRef = 934E6F2F2695657B00ABBDDA /* RateItApp.swift */; };
		934E6F342695657F00ABBDDA /* Assets.xcassets in Resources */ = {isa = PBXBuildFile; fileRef = 934E6F332695657F00ABBDDA /* Assets.xcassets */; };
		934E6F372695657F00ABBDDA /* Preview Assets.xcassets in Resources */ = {isa = PBXBuildFile; fileRef = 934E6F362695657F00ABBDDA /* Preview Assets.xcassets */; };
		9373217826982BCE00860FC4 /* ContentView.swift in Sources */ = {isa = PBXBuildFile; fileRef = 9373217726982BCE00860FC4 /* ContentView.swift */; };
		9373219B2698C3A000860FC4 /* ColorChoice.swift in Sources */ = {isa = PBXBuildFile; fileRef = 9373219A2698C3A000860FC4 /* ColorChoice.swift */; };
		9373219F269965D500860FC4 /* LinkPresentation.swift in Sources */ = {isa = PBXBuildFile; fileRef = 9373219E269965D500860FC4 /* LinkPresentation.swift */; };
		937321A1269A381600860FC4 /* ItemEditView.swift in Sources */ = {isa = PBXBuildFile; fileRef = 937321A0269A381600860FC4 /* ItemEditView.swift */; };
		937321A3269A38BF00860FC4 /* CategoryEditView.swift in Sources */ = {isa = PBXBuildFile; fileRef = 937321A2269A38BF00860FC4 /* CategoryEditView.swift */; };
		937321A5269A553400860FC4 /* IconChoice.swift in Sources */ = {isa = PBXBuildFile; fileRef = 937321A4269A553400860FC4 /* IconChoice.swift */; };
		937321A7269A835C00860FC4 /* NumberChoice.swift in Sources */ = {isa = PBXBuildFile; fileRef = 937321A6269A835C00860FC4 /* NumberChoice.swift */; };
		93970F4E26A09075000DD7F8 /* ImagePickerView.swift in Sources */ = {isa = PBXBuildFile; fileRef = 93970F4D26A09075000DD7F8 /* ImagePickerView.swift */; };
		93970F5026A09893000DD7F8 /* RatingToolbar.swift in Sources */ = {isa = PBXBuildFile; fileRef = 93970F4F26A09893000DD7F8 /* RatingToolbar.swift */; };
		93970F5526A15676000DD7F8 /* PicturesView.swift in Sources */ = {isa = PBXBuildFile; fileRef = 93970F5426A15676000DD7F8 /* PicturesView.swift */; };
		93AEB09B269AC03700D0E774 /* JosefinSans-ExtraLightItalic.ttf in Resources */ = {isa = PBXBuildFile; fileRef = 93AEB08D269AC03600D0E774 /* JosefinSans-ExtraLightItalic.ttf */; };
		93AEB09C269AC03700D0E774 /* JosefinSans-ExtraLight.ttf in Resources */ = {isa = PBXBuildFile; fileRef = 93AEB08E269AC03600D0E774 /* JosefinSans-ExtraLight.ttf */; };
		93AEB09D269AC03700D0E774 /* JosefinSans-BoldItalic.ttf in Resources */ = {isa = PBXBuildFile; fileRef = 93AEB08F269AC03600D0E774 /* JosefinSans-BoldItalic.ttf */; };
		93AEB09E269AC03700D0E774 /* JosefinSans-Bold.ttf in Resources */ = {isa = PBXBuildFile; fileRef = 93AEB090269AC03600D0E774 /* JosefinSans-Bold.ttf */; };
		93AEB09F269AC03700D0E774 /* JosefinSans-Italic.ttf in Resources */ = {isa = PBXBuildFile; fileRef = 93AEB091269AC03600D0E774 /* JosefinSans-Italic.ttf */; };
		93AEB0A0269AC03700D0E774 /* JosefinSans-ThinItalic.ttf in Resources */ = {isa = PBXBuildFile; fileRef = 93AEB092269AC03600D0E774 /* JosefinSans-ThinItalic.ttf */; };
		93AEB0A1269AC03700D0E774 /* JosefinSans-LightItalic.ttf in Resources */ = {isa = PBXBuildFile; fileRef = 93AEB093269AC03600D0E774 /* JosefinSans-LightItalic.ttf */; };
		93AEB0A2269AC03700D0E774 /* JosefinSans-Medium.ttf in Resources */ = {isa = PBXBuildFile; fileRef = 93AEB094269AC03600D0E774 /* JosefinSans-Medium.ttf */; };
		93AEB0A3269AC03700D0E774 /* JosefinSans-SemiBoldItalic.ttf in Resources */ = {isa = PBXBuildFile; fileRef = 93AEB095269AC03600D0E774 /* JosefinSans-SemiBoldItalic.ttf */; };
		93AEB0A4269AC03700D0E774 /* JosefinSans-Regular.ttf in Resources */ = {isa = PBXBuildFile; fileRef = 93AEB096269AC03600D0E774 /* JosefinSans-Regular.ttf */; };
		93AEB0A5269AC03700D0E774 /* JosefinSans-Light.ttf in Resources */ = {isa = PBXBuildFile; fileRef = 93AEB097269AC03600D0E774 /* JosefinSans-Light.ttf */; };
		93AEB0A6269AC03700D0E774 /* JosefinSans-MediumItalic.ttf in Resources */ = {isa = PBXBuildFile; fileRef = 93AEB098269AC03700D0E774 /* JosefinSans-MediumItalic.ttf */; };
		93AEB0A7269AC03700D0E774 /* JosefinSans-SemiBold.ttf in Resources */ = {isa = PBXBuildFile; fileRef = 93AEB099269AC03700D0E774 /* JosefinSans-SemiBold.ttf */; };
		93AEB0A8269AC03700D0E774 /* JosefinSans-Thin.ttf in Resources */ = {isa = PBXBuildFile; fileRef = 93AEB09A269AC03700D0E774 /* JosefinSans-Thin.ttf */; };
		93B1096026A15EC600A5AC03 /* PersistenceProvider+Picture.swift in Sources */ = {isa = PBXBuildFile; fileRef = 93B1095F26A15EC600A5AC03 /* PersistenceProvider+Picture.swift */; };
		93B1096F26A28D8A00A5AC03 /* ZoomableScrollView.swift in Sources */ = {isa = PBXBuildFile; fileRef = 93B1096E26A28D8A00A5AC03 /* ZoomableScrollView.swift */; };
		93B1097126A2BF7500A5AC03 /* Buttons.swift in Sources */ = {isa = PBXBuildFile; fileRef = 93B1097026A2BF7500A5AC03 /* Buttons.swift */; };
		93B1097826A37FD700A5AC03 /* SearchBar.swift in Sources */ = {isa = PBXBuildFile; fileRef = 93B1097726A37FD700A5AC03 /* SearchBar.swift */; };
		93B1097A26A3987200A5AC03 /* AllItemsView.swift in Sources */ = {isa = PBXBuildFile; fileRef = 93B1097926A3987200A5AC03 /* AllItemsView.swift */; };
		93C17ECF26981DCF00A468D1 /* ItemsView.swift in Sources */ = {isa = PBXBuildFile; fileRef = 93C17EC226981DCE00A468D1 /* ItemsView.swift */; };
		93C17ED026981DCF00A468D1 /* PersistenceProvider+Item.swift in Sources */ = {isa = PBXBuildFile; fileRef = 93C17EC326981DCE00A468D1 /* PersistenceProvider+Item.swift */; };
		93C17ED326981DCF00A468D1 /* CategoryDetailView.swift in Sources */ = {isa = PBXBuildFile; fileRef = 93C17EC626981DCE00A468D1 /* CategoryDetailView.swift */; };
		93C17ED426981DCF00A468D1 /* HomeView.swift in Sources */ = {isa = PBXBuildFile; fileRef = 93C17EC726981DCF00A468D1 /* HomeView.swift */; };
		93C17ED526981DCF00A468D1 /* PersistenceProvider+Category.swift in Sources */ = {isa = PBXBuildFile; fileRef = 93C17EC826981DCF00A468D1 /* PersistenceProvider+Category.swift */; };
		93C17ED726981DCF00A468D1 /* RateIt.xcdatamodeld in Sources */ = {isa = PBXBuildFile; fileRef = 93C17ECA26981DCF00A468D1 /* RateIt.xcdatamodeld */; };
		93C17ED826981DCF00A468D1 /* PersistenceProvider.swift in Sources */ = {isa = PBXBuildFile; fileRef = 93C17ECC26981DCF00A468D1 /* PersistenceProvider.swift */; };
		93C17EDA26981DCF00A468D1 /* ItemDetailView.swift in Sources */ = {isa = PBXBuildFile; fileRef = 93C17ECE26981DCF00A468D1 /* ItemDetailView.swift */; };
/* End PBXBuildFile section */

/* Begin PBXFileReference section */
		934E6F2C2695657B00ABBDDA /* RateIt.app */ = {isa = PBXFileReference; explicitFileType = wrapper.application; includeInIndex = 0; path = RateIt.app; sourceTree = BUILT_PRODUCTS_DIR; };
		934E6F2F2695657B00ABBDDA /* RateItApp.swift */ = {isa = PBXFileReference; lastKnownFileType = sourcecode.swift; path = RateItApp.swift; sourceTree = "<group>"; };
		934E6F332695657F00ABBDDA /* Assets.xcassets */ = {isa = PBXFileReference; lastKnownFileType = folder.assetcatalog; path = Assets.xcassets; sourceTree = "<group>"; };
		934E6F362695657F00ABBDDA /* Preview Assets.xcassets */ = {isa = PBXFileReference; lastKnownFileType = folder.assetcatalog; path = "Preview Assets.xcassets"; sourceTree = "<group>"; };
		934E6F3D2695657F00ABBDDA /* Info.plist */ = {isa = PBXFileReference; lastKnownFileType = text.plist.xml; path = Info.plist; sourceTree = "<group>"; };
		936B005A26D4B61D00EF4AD7 /* README.md */ = {isa = PBXFileReference; lastKnownFileType = net.daringfireball.markdown; path = README.md; sourceTree = "<group>"; };
		936B005C26D4B70D00EF4AD7 /* NewItem.png */ = {isa = PBXFileReference; lastKnownFileType = image.png; path = NewItem.png; sourceTree = "<group>"; };
		936B005D26D4B70D00EF4AD7 /* Search.png */ = {isa = PBXFileReference; lastKnownFileType = image.png; path = Search.png; sourceTree = "<group>"; };
		936B005E26D4B70E00EF4AD7 /* CakeImage.png */ = {isa = PBXFileReference; lastKnownFileType = image.png; path = CakeImage.png; sourceTree = "<group>"; };
		936B005F26D4B70E00EF4AD7 /* Filter.png */ = {isa = PBXFileReference; lastKnownFileType = image.png; path = Filter.png; sourceTree = "<group>"; };
		936B006026D4B70E00EF4AD7 /* NewCategory.png */ = {isa = PBXFileReference; lastKnownFileType = image.png; path = NewCategory.png; sourceTree = "<group>"; };
		936B006126D4B70E00EF4AD7 /* Categories.png */ = {isa = PBXFileReference; lastKnownFileType = image.png; path = Categories.png; sourceTree = "<group>"; };
		936B006226D4B70E00EF4AD7 /* ChocolateCake.png */ = {isa = PBXFileReference; lastKnownFileType = image.png; path = ChocolateCake.png; sourceTree = "<group>"; };
		936B006326D4B73B00EF4AD7 /* RateItIcon.png */ = {isa = PBXFileReference; lastKnownFileType = image.png; path = RateItIcon.png; sourceTree = "<group>"; };
		936B006426D4C70F00EF4AD7 /* Recipes.png */ = {isa = PBXFileReference; lastKnownFileType = image.png; path = Recipes.png; sourceTree = "<group>"; };
		9373217726982BCE00860FC4 /* ContentView.swift */ = {isa = PBXFileReference; lastKnownFileType = sourcecode.swift; path = ContentView.swift; sourceTree = "<group>"; };
		9373219A2698C3A000860FC4 /* ColorChoice.swift */ = {isa = PBXFileReference; lastKnownFileType = sourcecode.swift; path = ColorChoice.swift; sourceTree = "<group>"; };
		9373219E269965D500860FC4 /* LinkPresentation.swift */ = {isa = PBXFileReference; lastKnownFileType = sourcecode.swift; path = LinkPresentation.swift; sourceTree = "<group>"; };
		937321A0269A381600860FC4 /* ItemEditView.swift */ = {isa = PBXFileReference; lastKnownFileType = sourcecode.swift; path = ItemEditView.swift; sourceTree = "<group>"; };
		937321A2269A38BF00860FC4 /* CategoryEditView.swift */ = {isa = PBXFileReference; lastKnownFileType = sourcecode.swift; path = CategoryEditView.swift; sourceTree = "<group>"; };
		937321A4269A553400860FC4 /* IconChoice.swift */ = {isa = PBXFileReference; lastKnownFileType = sourcecode.swift; path = IconChoice.swift; sourceTree = "<group>"; };
		937321A6269A835C00860FC4 /* NumberChoice.swift */ = {isa = PBXFileReference; lastKnownFileType = sourcecode.swift; path = NumberChoice.swift; sourceTree = "<group>"; };
		93970F4D26A09075000DD7F8 /* ImagePickerView.swift */ = {isa = PBXFileReference; lastKnownFileType = sourcecode.swift; path = ImagePickerView.swift; sourceTree = "<group>"; };
		93970F4F26A09893000DD7F8 /* RatingToolbar.swift */ = {isa = PBXFileReference; lastKnownFileType = sourcecode.swift; path = RatingToolbar.swift; sourceTree = "<group>"; };
		93970F5426A15676000DD7F8 /* PicturesView.swift */ = {isa = PBXFileReference; lastKnownFileType = sourcecode.swift; path = PicturesView.swift; sourceTree = "<group>"; };
		93AEB08D269AC03600D0E774 /* JosefinSans-ExtraLightItalic.ttf */ = {isa = PBXFileReference; lastKnownFileType = file; path = "JosefinSans-ExtraLightItalic.ttf"; sourceTree = "<group>"; };
		93AEB08E269AC03600D0E774 /* JosefinSans-ExtraLight.ttf */ = {isa = PBXFileReference; lastKnownFileType = file; path = "JosefinSans-ExtraLight.ttf"; sourceTree = "<group>"; };
		93AEB08F269AC03600D0E774 /* JosefinSans-BoldItalic.ttf */ = {isa = PBXFileReference; lastKnownFileType = file; path = "JosefinSans-BoldItalic.ttf"; sourceTree = "<group>"; };
		93AEB090269AC03600D0E774 /* JosefinSans-Bold.ttf */ = {isa = PBXFileReference; lastKnownFileType = file; path = "JosefinSans-Bold.ttf"; sourceTree = "<group>"; };
		93AEB091269AC03600D0E774 /* JosefinSans-Italic.ttf */ = {isa = PBXFileReference; lastKnownFileType = file; path = "JosefinSans-Italic.ttf"; sourceTree = "<group>"; };
		93AEB092269AC03600D0E774 /* JosefinSans-ThinItalic.ttf */ = {isa = PBXFileReference; lastKnownFileType = file; path = "JosefinSans-ThinItalic.ttf"; sourceTree = "<group>"; };
		93AEB093269AC03600D0E774 /* JosefinSans-LightItalic.ttf */ = {isa = PBXFileReference; lastKnownFileType = file; path = "JosefinSans-LightItalic.ttf"; sourceTree = "<group>"; };
		93AEB094269AC03600D0E774 /* JosefinSans-Medium.ttf */ = {isa = PBXFileReference; lastKnownFileType = file; path = "JosefinSans-Medium.ttf"; sourceTree = "<group>"; };
		93AEB095269AC03600D0E774 /* JosefinSans-SemiBoldItalic.ttf */ = {isa = PBXFileReference; lastKnownFileType = file; path = "JosefinSans-SemiBoldItalic.ttf"; sourceTree = "<group>"; };
		93AEB096269AC03600D0E774 /* JosefinSans-Regular.ttf */ = {isa = PBXFileReference; lastKnownFileType = file; path = "JosefinSans-Regular.ttf"; sourceTree = "<group>"; };
		93AEB097269AC03600D0E774 /* JosefinSans-Light.ttf */ = {isa = PBXFileReference; lastKnownFileType = file; path = "JosefinSans-Light.ttf"; sourceTree = "<group>"; };
		93AEB098269AC03700D0E774 /* JosefinSans-MediumItalic.ttf */ = {isa = PBXFileReference; lastKnownFileType = file; path = "JosefinSans-MediumItalic.ttf"; sourceTree = "<group>"; };
		93AEB099269AC03700D0E774 /* JosefinSans-SemiBold.ttf */ = {isa = PBXFileReference; lastKnownFileType = file; path = "JosefinSans-SemiBold.ttf"; sourceTree = "<group>"; };
		93AEB09A269AC03700D0E774 /* JosefinSans-Thin.ttf */ = {isa = PBXFileReference; lastKnownFileType = file; path = "JosefinSans-Thin.ttf"; sourceTree = "<group>"; };
		93B1095F26A15EC600A5AC03 /* PersistenceProvider+Picture.swift */ = {isa = PBXFileReference; lastKnownFileType = sourcecode.swift; path = "PersistenceProvider+Picture.swift"; sourceTree = "<group>"; };
		93B1096E26A28D8A00A5AC03 /* ZoomableScrollView.swift */ = {isa = PBXFileReference; lastKnownFileType = sourcecode.swift; path = ZoomableScrollView.swift; sourceTree = "<group>"; };
		93B1097026A2BF7500A5AC03 /* Buttons.swift */ = {isa = PBXFileReference; lastKnownFileType = sourcecode.swift; path = Buttons.swift; sourceTree = "<group>"; };
		93B1097726A37FD700A5AC03 /* SearchBar.swift */ = {isa = PBXFileReference; lastKnownFileType = sourcecode.swift; path = SearchBar.swift; sourceTree = "<group>"; };
		93B1097926A3987200A5AC03 /* AllItemsView.swift */ = {isa = PBXFileReference; lastKnownFileType = sourcecode.swift; path = AllItemsView.swift; sourceTree = "<group>"; };
		93C17EC226981DCE00A468D1 /* ItemsView.swift */ = {isa = PBXFileReference; fileEncoding = 4; lastKnownFileType = sourcecode.swift; path = ItemsView.swift; sourceTree = "<group>"; };
		93C17EC326981DCE00A468D1 /* PersistenceProvider+Item.swift */ = {isa = PBXFileReference; fileEncoding = 4; lastKnownFileType = sourcecode.swift; path = "PersistenceProvider+Item.swift"; sourceTree = "<group>"; };
		93C17EC626981DCE00A468D1 /* CategoryDetailView.swift */ = {isa = PBXFileReference; fileEncoding = 4; lastKnownFileType = sourcecode.swift; path = CategoryDetailView.swift; sourceTree = "<group>"; };
		93C17EC726981DCF00A468D1 /* HomeView.swift */ = {isa = PBXFileReference; fileEncoding = 4; lastKnownFileType = sourcecode.swift; path = HomeView.swift; sourceTree = "<group>"; };
		93C17EC826981DCF00A468D1 /* PersistenceProvider+Category.swift */ = {isa = PBXFileReference; fileEncoding = 4; lastKnownFileType = sourcecode.swift; path = "PersistenceProvider+Category.swift"; sourceTree = "<group>"; };
		93C17ECB26981DCF00A468D1 /* TodoListsSwiftUI.xcdatamodel */ = {isa = PBXFileReference; lastKnownFileType = wrapper.xcdatamodel; path = TodoListsSwiftUI.xcdatamodel; sourceTree = "<group>"; };
		93C17ECC26981DCF00A468D1 /* PersistenceProvider.swift */ = {isa = PBXFileReference; fileEncoding = 4; lastKnownFileType = sourcecode.swift; path = PersistenceProvider.swift; sourceTree = "<group>"; };
		93C17ECE26981DCF00A468D1 /* ItemDetailView.swift */ = {isa = PBXFileReference; fileEncoding = 4; lastKnownFileType = sourcecode.swift; path = ItemDetailView.swift; sourceTree = "<group>"; };
/* End PBXFileReference section */

/* Begin PBXFrameworksBuildPhase section */
		934E6F292695657B00ABBDDA /* Frameworks */ = {
			isa = PBXFrameworksBuildPhase;
			buildActionMask = 2147483647;
			files = (
			);
			runOnlyForDeploymentPostprocessing = 0;
		};
/* End PBXFrameworksBuildPhase section */

/* Begin PBXGroup section */
		934E6F232695657B00ABBDDA = {
			isa = PBXGroup;
			children = (
				936B005A26D4B61D00EF4AD7 /* README.md */,
				936B005B26D4B63400EF4AD7 /* Images */,
				934E6F2E2695657B00ABBDDA /* RateIt */,
				934E6F2D2695657B00ABBDDA /* Products */,
			);
			sourceTree = "<group>";
		};
		934E6F2D2695657B00ABBDDA /* Products */ = {
			isa = PBXGroup;
			children = (
				934E6F2C2695657B00ABBDDA /* RateIt.app */,
			);
			name = Products;
			sourceTree = "<group>";
		};
		934E6F2E2695657B00ABBDDA /* RateIt */ = {
			isa = PBXGroup;
			children = (
				934E6F2F2695657B00ABBDDA /* RateItApp.swift */,
				9373217726982BCE00860FC4 /* ContentView.swift */,
				934E6F3D2695657F00ABBDDA /* Info.plist */,
				9373217426982B0000860FC4 /* Category */,
				93B1097226A34D9000A5AC03 /* Item */,
				93970F4626A08AA1000DD7F8 /* Image */,
				936F5BF02695746300582A78 /* Persistence */,
				9373217526982B0C00860FC4 /* Helpers */,
				934E6F332695657F00ABBDDA /* Assets.xcassets */,
				93AEB0A9269ACA5900D0E774 /* JosefinSans */,
				934E6F352695657F00ABBDDA /* Preview Content */,
			);
			path = RateIt;
			sourceTree = "<group>";
		};
		934E6F352695657F00ABBDDA /* Preview Content */ = {
			isa = PBXGroup;
			children = (
				934E6F362695657F00ABBDDA /* Preview Assets.xcassets */,
			);
			path = "Preview Content";
			sourceTree = "<group>";
		};
		936B005B26D4B63400EF4AD7 /* Images */ = {
			isa = PBXGroup;
			children = (
				936B006426D4C70F00EF4AD7 /* Recipes.png */,
				936B006326D4B73B00EF4AD7 /* RateItIcon.png */,
				936B005D26D4B70D00EF4AD7 /* Search.png */,
				936B005F26D4B70E00EF4AD7 /* Filter.png */,
				936B005C26D4B70D00EF4AD7 /* NewItem.png */,
				936B006226D4B70E00EF4AD7 /* ChocolateCake.png */,
				936B006126D4B70E00EF4AD7 /* Categories.png */,
				936B006026D4B70E00EF4AD7 /* NewCategory.png */,
				936B005E26D4B70E00EF4AD7 /* CakeImage.png */,
			);
			path = Images;
			sourceTree = "<group>";
		};
		936F5BF02695746300582A78 /* Persistence */ = {
			isa = PBXGroup;
			children = (
				93C17ECA26981DCF00A468D1 /* RateIt.xcdatamodeld */,
				93C17ECC26981DCF00A468D1 /* PersistenceProvider.swift */,
				93C17EC826981DCF00A468D1 /* PersistenceProvider+Category.swift */,
				93C17EC326981DCE00A468D1 /* PersistenceProvider+Item.swift */,
				93B1095F26A15EC600A5AC03 /* PersistenceProvider+Picture.swift */,
			);
			path = Persistence;
			sourceTree = "<group>";
		};
		9373217426982B0000860FC4 /* Category */ = {
			isa = PBXGroup;
			children = (
				93C17EC726981DCF00A468D1 /* HomeView.swift */,
				93C17EC626981DCE00A468D1 /* CategoryDetailView.swift */,
				937321A2269A38BF00860FC4 /* CategoryEditView.swift */,
			);
			path = Category;
			sourceTree = "<group>";
		};
		9373217526982B0C00860FC4 /* Helpers */ = {
			isa = PBXGroup;
			children = (
				9373219E269965D500860FC4 /* LinkPresentation.swift */,
				9373219A2698C3A000860FC4 /* ColorChoice.swift */,
				937321A4269A553400860FC4 /* IconChoice.swift */,
				937321A6269A835C00860FC4 /* NumberChoice.swift */,
				93970F4F26A09893000DD7F8 /* RatingToolbar.swift */,
				93B1097026A2BF7500A5AC03 /* Buttons.swift */,
				93B1097726A37FD700A5AC03 /* SearchBar.swift */,
			);
			path = Helpers;
			sourceTree = "<group>";
		};
		93970F4626A08AA1000DD7F8 /* Image */ = {
			isa = PBXGroup;
			children = (
				93970F5426A15676000DD7F8 /* PicturesView.swift */,
				93B1096E26A28D8A00A5AC03 /* ZoomableScrollView.swift */,
				93970F4D26A09075000DD7F8 /* ImagePickerView.swift */,
			);
			path = Image;
			sourceTree = "<group>";
		};
		93AEB0A9269ACA5900D0E774 /* JosefinSans */ = {
			isa = PBXGroup;
			children = (
				93AEB090269AC03600D0E774 /* JosefinSans-Bold.ttf */,
				93AEB08F269AC03600D0E774 /* JosefinSans-BoldItalic.ttf */,
				93AEB08E269AC03600D0E774 /* JosefinSans-ExtraLight.ttf */,
				93AEB08D269AC03600D0E774 /* JosefinSans-ExtraLightItalic.ttf */,
				93AEB091269AC03600D0E774 /* JosefinSans-Italic.ttf */,
				93AEB097269AC03600D0E774 /* JosefinSans-Light.ttf */,
				93AEB093269AC03600D0E774 /* JosefinSans-LightItalic.ttf */,
				93AEB094269AC03600D0E774 /* JosefinSans-Medium.ttf */,
				93AEB098269AC03700D0E774 /* JosefinSans-MediumItalic.ttf */,
				93AEB096269AC03600D0E774 /* JosefinSans-Regular.ttf */,
				93AEB099269AC03700D0E774 /* JosefinSans-SemiBold.ttf */,
				93AEB095269AC03600D0E774 /* JosefinSans-SemiBoldItalic.ttf */,
				93AEB09A269AC03700D0E774 /* JosefinSans-Thin.ttf */,
				93AEB092269AC03600D0E774 /* JosefinSans-ThinItalic.ttf */,
			);
			path = JosefinSans;
			sourceTree = "<group>";
		};
		93B1097226A34D9000A5AC03 /* Item */ = {
			isa = PBXGroup;
			children = (
				93C17ECE26981DCF00A468D1 /* ItemDetailView.swift */,
				937321A0269A381600860FC4 /* ItemEditView.swift */,
				93C17EC226981DCE00A468D1 /* ItemsView.swift */,
				93B1097926A3987200A5AC03 /* AllItemsView.swift */,
			);
			path = Item;
			sourceTree = "<group>";
		};
/* End PBXGroup section */

/* Begin PBXNativeTarget section */
		934E6F2B2695657B00ABBDDA /* RateIt */ = {
			isa = PBXNativeTarget;
			buildConfigurationList = 934E6F402695657F00ABBDDA /* Build configuration list for PBXNativeTarget "RateIt" */;
			buildPhases = (
				934E6F282695657B00ABBDDA /* Sources */,
				934E6F292695657B00ABBDDA /* Frameworks */,
				934E6F2A2695657B00ABBDDA /* Resources */,
			);
			buildRules = (
			);
			dependencies = (
			);
			name = RateIt;
			productName = RateIt;
			productReference = 934E6F2C2695657B00ABBDDA /* RateIt.app */;
			productType = "com.apple.product-type.application";
		};
/* End PBXNativeTarget section */

/* Begin PBXProject section */
		934E6F242695657B00ABBDDA /* Project object */ = {
			isa = PBXProject;
			attributes = {
				LastSwiftUpdateCheck = 1250;
				LastUpgradeCheck = 1250;
				TargetAttributes = {
					934E6F2B2695657B00ABBDDA = {
						CreatedOnToolsVersion = 12.5.1;
					};
				};
			};
			buildConfigurationList = 934E6F272695657B00ABBDDA /* Build configuration list for PBXProject "RateIt" */;
			compatibilityVersion = "Xcode 9.3";
			developmentRegion = en;
			hasScannedForEncodings = 0;
			knownRegions = (
				en,
				Base,
			);
			mainGroup = 934E6F232695657B00ABBDDA;
			productRefGroup = 934E6F2D2695657B00ABBDDA /* Products */;
			projectDirPath = "";
			projectRoot = "";
			targets = (
				934E6F2B2695657B00ABBDDA /* RateIt */,
			);
		};
/* End PBXProject section */

/* Begin PBXResourcesBuildPhase section */
		934E6F2A2695657B00ABBDDA /* Resources */ = {
			isa = PBXResourcesBuildPhase;
			buildActionMask = 2147483647;
			files = (
				934E6F372695657F00ABBDDA /* Preview Assets.xcassets in Resources */,
				93AEB0A4269AC03700D0E774 /* JosefinSans-Regular.ttf in Resources */,
				93AEB0A1269AC03700D0E774 /* JosefinSans-LightItalic.ttf in Resources */,
				93AEB0A8269AC03700D0E774 /* JosefinSans-Thin.ttf in Resources */,
				93AEB0A5269AC03700D0E774 /* JosefinSans-Light.ttf in Resources */,
				93AEB09B269AC03700D0E774 /* JosefinSans-ExtraLightItalic.ttf in Resources */,
				93AEB0A3269AC03700D0E774 /* JosefinSans-SemiBoldItalic.ttf in Resources */,
				93AEB0A2269AC03700D0E774 /* JosefinSans-Medium.ttf in Resources */,
				93AEB09D269AC03700D0E774 /* JosefinSans-BoldItalic.ttf in Resources */,
				93AEB09C269AC03700D0E774 /* JosefinSans-ExtraLight.ttf in Resources */,
				93AEB09F269AC03700D0E774 /* JosefinSans-Italic.ttf in Resources */,
				934E6F342695657F00ABBDDA /* Assets.xcassets in Resources */,
				93AEB0A6269AC03700D0E774 /* JosefinSans-MediumItalic.ttf in Resources */,
				93AEB09E269AC03700D0E774 /* JosefinSans-Bold.ttf in Resources */,
				93AEB0A7269AC03700D0E774 /* JosefinSans-SemiBold.ttf in Resources */,
				93AEB0A0269AC03700D0E774 /* JosefinSans-ThinItalic.ttf in Resources */,
			);
			runOnlyForDeploymentPostprocessing = 0;
		};
/* End PBXResourcesBuildPhase section */

/* Begin PBXSourcesBuildPhase section */
		934E6F282695657B00ABBDDA /* Sources */ = {
			isa = PBXSourcesBuildPhase;
			buildActionMask = 2147483647;
			files = (
				937321A3269A38BF00860FC4 /* CategoryEditView.swift in Sources */,
				93C17ED526981DCF00A468D1 /* PersistenceProvider+Category.swift in Sources */,
				93970F5026A09893000DD7F8 /* RatingToolbar.swift in Sources */,
				93970F5526A15676000DD7F8 /* PicturesView.swift in Sources */,
				937321A1269A381600860FC4 /* ItemEditView.swift in Sources */,
				93970F4E26A09075000DD7F8 /* ImagePickerView.swift in Sources */,
				937321A5269A553400860FC4 /* IconChoice.swift in Sources */,
				9373217826982BCE00860FC4 /* ContentView.swift in Sources */,
				9373219F269965D500860FC4 /* LinkPresentation.swift in Sources */,
				93C17ED826981DCF00A468D1 /* PersistenceProvider.swift in Sources */,
				937321A7269A835C00860FC4 /* NumberChoice.swift in Sources */,
				93C17ED726981DCF00A468D1 /* RateIt.xcdatamodeld in Sources */,
				93C17ED426981DCF00A468D1 /* HomeView.swift in Sources */,
				93B1096F26A28D8A00A5AC03 /* ZoomableScrollView.swift in Sources */,
				93B1096026A15EC600A5AC03 /* PersistenceProvider+Picture.swift in Sources */,
				93C17ECF26981DCF00A468D1 /* ItemsView.swift in Sources */,
				93B1097826A37FD700A5AC03 /* SearchBar.swift in Sources */,
				93C17ED326981DCF00A468D1 /* CategoryDetailView.swift in Sources */,
				93C17EDA26981DCF00A468D1 /* ItemDetailView.swift in Sources */,
				93B1097A26A3987200A5AC03 /* AllItemsView.swift in Sources */,
				934E6F302695657B00ABBDDA /* RateItApp.swift in Sources */,
				93B1097126A2BF7500A5AC03 /* Buttons.swift in Sources */,
				93C17ED026981DCF00A468D1 /* PersistenceProvider+Item.swift in Sources */,
				9373219B2698C3A000860FC4 /* ColorChoice.swift in Sources */,
			);
			runOnlyForDeploymentPostprocessing = 0;
		};
/* End PBXSourcesBuildPhase section */

/* Begin XCBuildConfiguration section */
		934E6F3E2695657F00ABBDDA /* Debug */ = {
			isa = XCBuildConfiguration;
			buildSettings = {
				ALWAYS_SEARCH_USER_PATHS = NO;
				CLANG_ANALYZER_NONNULL = YES;
				CLANG_ANALYZER_NUMBER_OBJECT_CONVERSION = YES_AGGRESSIVE;
				CLANG_CXX_LANGUAGE_STANDARD = "gnu++14";
				CLANG_CXX_LIBRARY = "libc++";
				CLANG_ENABLE_MODULES = YES;
				CLANG_ENABLE_OBJC_ARC = YES;
				CLANG_ENABLE_OBJC_WEAK = YES;
				CLANG_WARN_BLOCK_CAPTURE_AUTORELEASING = YES;
				CLANG_WARN_BOOL_CONVERSION = YES;
				CLANG_WARN_COMMA = YES;
				CLANG_WARN_CONSTANT_CONVERSION = YES;
				CLANG_WARN_DEPRECATED_OBJC_IMPLEMENTATIONS = YES;
				CLANG_WARN_DIRECT_OBJC_ISA_USAGE = YES_ERROR;
				CLANG_WARN_DOCUMENTATION_COMMENTS = YES;
				CLANG_WARN_EMPTY_BODY = YES;
				CLANG_WARN_ENUM_CONVERSION = YES;
				CLANG_WARN_INFINITE_RECURSION = YES;
				CLANG_WARN_INT_CONVERSION = YES;
				CLANG_WARN_NON_LITERAL_NULL_CONVERSION = YES;
				CLANG_WARN_OBJC_IMPLICIT_RETAIN_SELF = YES;
				CLANG_WARN_OBJC_LITERAL_CONVERSION = YES;
				CLANG_WARN_OBJC_ROOT_CLASS = YES_ERROR;
				CLANG_WARN_QUOTED_INCLUDE_IN_FRAMEWORK_HEADER = YES;
				CLANG_WARN_RANGE_LOOP_ANALYSIS = YES;
				CLANG_WARN_STRICT_PROTOTYPES = YES;
				CLANG_WARN_SUSPICIOUS_MOVE = YES;
				CLANG_WARN_UNGUARDED_AVAILABILITY = YES_AGGRESSIVE;
				CLANG_WARN_UNREACHABLE_CODE = YES;
				CLANG_WARN__DUPLICATE_METHOD_MATCH = YES;
				COPY_PHASE_STRIP = NO;
				DEBUG_INFORMATION_FORMAT = dwarf;
				ENABLE_STRICT_OBJC_MSGSEND = YES;
				ENABLE_TESTABILITY = YES;
				GCC_C_LANGUAGE_STANDARD = gnu11;
				GCC_DYNAMIC_NO_PIC = NO;
				GCC_NO_COMMON_BLOCKS = YES;
				GCC_OPTIMIZATION_LEVEL = 0;
				GCC_PREPROCESSOR_DEFINITIONS = (
					"DEBUG=1",
					"$(inherited)",
				);
				GCC_WARN_64_TO_32_BIT_CONVERSION = YES;
				GCC_WARN_ABOUT_RETURN_TYPE = YES_ERROR;
				GCC_WARN_UNDECLARED_SELECTOR = YES;
				GCC_WARN_UNINITIALIZED_AUTOS = YES_AGGRESSIVE;
				GCC_WARN_UNUSED_FUNCTION = YES;
				GCC_WARN_UNUSED_VARIABLE = YES;
				IPHONEOS_DEPLOYMENT_TARGET = 14.5;
				MTL_ENABLE_DEBUG_INFO = INCLUDE_SOURCE;
				MTL_FAST_MATH = YES;
				ONLY_ACTIVE_ARCH = YES;
				SDKROOT = iphoneos;
				SWIFT_ACTIVE_COMPILATION_CONDITIONS = DEBUG;
				SWIFT_OPTIMIZATION_LEVEL = "-Onone";
			};
			name = Debug;
		};
		934E6F3F2695657F00ABBDDA /* Release */ = {
			isa = XCBuildConfiguration;
			buildSettings = {
				ALWAYS_SEARCH_USER_PATHS = NO;
				CLANG_ANALYZER_NONNULL = YES;
				CLANG_ANALYZER_NUMBER_OBJECT_CONVERSION = YES_AGGRESSIVE;
				CLANG_CXX_LANGUAGE_STANDARD = "gnu++14";
				CLANG_CXX_LIBRARY = "libc++";
				CLANG_ENABLE_MODULES = YES;
				CLANG_ENABLE_OBJC_ARC = YES;
				CLANG_ENABLE_OBJC_WEAK = YES;
				CLANG_WARN_BLOCK_CAPTURE_AUTORELEASING = YES;
				CLANG_WARN_BOOL_CONVERSION = YES;
				CLANG_WARN_COMMA = YES;
				CLANG_WARN_CONSTANT_CONVERSION = YES;
				CLANG_WARN_DEPRECATED_OBJC_IMPLEMENTATIONS = YES;
				CLANG_WARN_DIRECT_OBJC_ISA_USAGE = YES_ERROR;
				CLANG_WARN_DOCUMENTATION_COMMENTS = YES;
				CLANG_WARN_EMPTY_BODY = YES;
				CLANG_WARN_ENUM_CONVERSION = YES;
				CLANG_WARN_INFINITE_RECURSION = YES;
				CLANG_WARN_INT_CONVERSION = YES;
				CLANG_WARN_NON_LITERAL_NULL_CONVERSION = YES;
				CLANG_WARN_OBJC_IMPLICIT_RETAIN_SELF = YES;
				CLANG_WARN_OBJC_LITERAL_CONVERSION = YES;
				CLANG_WARN_OBJC_ROOT_CLASS = YES_ERROR;
				CLANG_WARN_QUOTED_INCLUDE_IN_FRAMEWORK_HEADER = YES;
				CLANG_WARN_RANGE_LOOP_ANALYSIS = YES;
				CLANG_WARN_STRICT_PROTOTYPES = YES;
				CLANG_WARN_SUSPICIOUS_MOVE = YES;
				CLANG_WARN_UNGUARDED_AVAILABILITY = YES_AGGRESSIVE;
				CLANG_WARN_UNREACHABLE_CODE = YES;
				CLANG_WARN__DUPLICATE_METHOD_MATCH = YES;
				COPY_PHASE_STRIP = NO;
				DEBUG_INFORMATION_FORMAT = "dwarf-with-dsym";
				ENABLE_NS_ASSERTIONS = NO;
				ENABLE_STRICT_OBJC_MSGSEND = YES;
				GCC_C_LANGUAGE_STANDARD = gnu11;
				GCC_NO_COMMON_BLOCKS = YES;
				GCC_WARN_64_TO_32_BIT_CONVERSION = YES;
				GCC_WARN_ABOUT_RETURN_TYPE = YES_ERROR;
				GCC_WARN_UNDECLARED_SELECTOR = YES;
				GCC_WARN_UNINITIALIZED_AUTOS = YES_AGGRESSIVE;
				GCC_WARN_UNUSED_FUNCTION = YES;
				GCC_WARN_UNUSED_VARIABLE = YES;
				IPHONEOS_DEPLOYMENT_TARGET = 14.5;
				MTL_ENABLE_DEBUG_INFO = NO;
				MTL_FAST_MATH = YES;
				SDKROOT = iphoneos;
				SWIFT_COMPILATION_MODE = wholemodule;
				SWIFT_OPTIMIZATION_LEVEL = "-O";
				VALIDATE_PRODUCT = YES;
			};
			name = Release;
		};
		934E6F412695657F00ABBDDA /* Debug */ = {
			isa = XCBuildConfiguration;
			buildSettings = {
				ASSETCATALOG_COMPILER_APPICON_NAME = AppIcon;
				ASSETCATALOG_COMPILER_GLOBAL_ACCENT_COLOR_NAME = AccentColor;
				CODE_SIGN_STYLE = Automatic;
				DEVELOPMENT_ASSET_PATHS = "\"RateIt/Preview Content\"";
				DEVELOPMENT_TEAM = L5Y9F5MXCL;
				ENABLE_PREVIEWS = YES;
				INFOPLIST_FILE = RateIt/Info.plist;
				IPHONEOS_DEPLOYMENT_TARGET = 14.0;
				LD_RUNPATH_SEARCH_PATHS = (
					"$(inherited)",
					"@executable_path/Frameworks",
				);
				PRODUCT_BUNDLE_IDENTIFIER = "Yu-Chen-Huang.RateIt";
				PRODUCT_NAME = "$(TARGET_NAME)";
				SWIFT_VERSION = 5.0;
				TARGETED_DEVICE_FAMILY = "1,2";
			};
			name = Debug;
		};
		934E6F422695657F00ABBDDA /* Release */ = {
			isa = XCBuildConfiguration;
			buildSettings = {
				ASSETCATALOG_COMPILER_APPICON_NAME = AppIcon;
				ASSETCATALOG_COMPILER_GLOBAL_ACCENT_COLOR_NAME = AccentColor;
				CODE_SIGN_STYLE = Automatic;
				DEVELOPMENT_ASSET_PATHS = "\"RateIt/Preview Content\"";
				DEVELOPMENT_TEAM = L5Y9F5MXCL;
				ENABLE_PREVIEWS = YES;
				INFOPLIST_FILE = RateIt/Info.plist;
				IPHONEOS_DEPLOYMENT_TARGET = 14.0;
				LD_RUNPATH_SEARCH_PATHS = (
					"$(inherited)",
					"@executable_path/Frameworks",
				);
				PRODUCT_BUNDLE_IDENTIFIER = "Yu-Chen-Huang.RateIt";
				PRODUCT_NAME = "$(TARGET_NAME)";
				SWIFT_VERSION = 5.0;
				TARGETED_DEVICE_FAMILY = "1,2";
			};
			name = Release;
		};
/* End XCBuildConfiguration section */

/* Begin XCConfigurationList section */
		934E6F272695657B00ABBDDA /* Build configuration list for PBXProject "RateIt" */ = {
			isa = XCConfigurationList;
			buildConfigurations = (
				934E6F3E2695657F00ABBDDA /* Debug */,
				934E6F3F2695657F00ABBDDA /* Release */,
			);
			defaultConfigurationIsVisible = 0;
			defaultConfigurationName = Release;
		};
		934E6F402695657F00ABBDDA /* Build configuration list for PBXNativeTarget "RateIt" */ = {
			isa = XCConfigurationList;
			buildConfigurations = (
				934E6F412695657F00ABBDDA /* Debug */,
				934E6F422695657F00ABBDDA /* Release */,
			);
			defaultConfigurationIsVisible = 0;
			defaultConfigurationName = Release;
		};
/* End XCConfigurationList section */

/* Begin XCVersionGroup section */
		93C17ECA26981DCF00A468D1 /* RateIt.xcdatamodeld */ = {
			isa = XCVersionGroup;
			children = (
				93C17ECB26981DCF00A468D1 /* TodoListsSwiftUI.xcdatamodel */,
			);
			currentVersion = 93C17ECB26981DCF00A468D1 /* TodoListsSwiftUI.xcdatamodel */;
			name = RateIt.xcdatamodeld;
			path = ../RateIt.xcdatamodeld;
			sourceTree = "<group>";
			versionGroupType = wrapper.xcdatamodel;
		};
/* End XCVersionGroup section */
	};
	rootObject = 934E6F242695657B00ABBDDA /* Project object */;
}
